<?xml version="1.0" encoding="UTF-8"?>
<CodeBlocks_project_file>
	<FileVersion major="1" minor="6"/>
	<Project>
		<Option title="CSaw"/>
		<Option makefile_is_custom="1"/>
		<Option compiler="clang"/>
		<Option virtualFolders="CMake Files\;"/>
		<Build>
			<Target title="all">
				<Option working_dir="/Users/danmunro/github/csaw"/>
				<Option type="4"/>
				<MakeCommands>
					<Build command="/usr/bin/make -f &quot;/Users/danmunro/github/csaw/Makefile&quot;  VERBOSE=1 all"/>
					<CompileFile command="/usr/bin/make -f &quot;/Users/danmunro/github/csaw/Makefile&quot;  VERBOSE=1 &quot;$file&quot;"/>
					<Clean command="/usr/bin/make -f &quot;/Users/danmunro/github/csaw/Makefile&quot;  VERBOSE=1 clean"/>
					<DistClean command="/usr/bin/make -f &quot;/Users/danmunro/github/csaw/Makefile&quot;  VERBOSE=1 clean"/>
				</MakeCommands>
			</Target>
			<Target title="rebuild_cache">
				<Option working_dir="/Users/danmunro/github/csaw"/>
				<Option type="4"/>
				<MakeCommands>
					<Build command="/usr/bin/make -f &quot;/Users/danmunro/github/csaw/Makefile&quot;  VERBOSE=1 rebuild_cache"/>
					<CompileFile command="/usr/bin/make -f &quot;/Users/danmunro/github/csaw/Makefile&quot;  VERBOSE=1 &quot;$file&quot;"/>
					<Clean command="/usr/bin/make -f &quot;/Users/danmunro/github/csaw/Makefile&quot;  VERBOSE=1 clean"/>
					<DistClean command="/usr/bin/make -f &quot;/Users/danmunro/github/csaw/Makefile&quot;  VERBOSE=1 clean"/>
				</MakeCommands>
			</Target>
			<Target title="test_room">
				<Option output="/Users/danmunro/github/csaw/build/test_room" prefix_auto="0" extension_auto="0"/>
				<Option working_dir="./build"/>
				<Option object_output="./"/>
				<Option type="1"/>
				<Option compiler="clang"/>
				<Compiler>
					<Add directory="/usr/local/opt/libpq/include"/>
				</Compiler>
				<MakeCommands>
					<Build command="/usr/bin/make -f &quot;/Users/danmunro/github/csaw/Makefile&quot;  VERBOSE=1 test_room"/>
					<CompileFile command="/usr/bin/make -f &quot;/Users/danmunro/github/csaw/Makefile&quot;  VERBOSE=1 &quot;$file&quot;"/>
					<Clean command="/usr/bin/make -f &quot;/Users/danmunro/github/csaw/Makefile&quot;  VERBOSE=1 clean"/>
					<DistClean command="/usr/bin/make -f &quot;/Users/danmunro/github/csaw/Makefile&quot;  VERBOSE=1 clean"/>
				</MakeCommands>
			</Target>
			<Target title="test_room/fast">
				<Option output="/Users/danmunro/github/csaw/build/test_room" prefix_auto="0" extension_auto="0"/>
				<Option working_dir="./build"/>
				<Option object_output="./"/>
				<Option type="1"/>
				<Option compiler="clang"/>
				<Compiler>
					<Add directory="/usr/local/opt/libpq/include"/>
				</Compiler>
				<MakeCommands>
					<Build command="/usr/bin/make -f &quot;/Users/danmunro/github/csaw/Makefile&quot;  VERBOSE=1 test_room/fast"/>
					<CompileFile command="/usr/bin/make -f &quot;/Users/danmunro/github/csaw/Makefile&quot;  VERBOSE=1 &quot;$file&quot;"/>
					<Clean command="/usr/bin/make -f &quot;/Users/danmunro/github/csaw/Makefile&quot;  VERBOSE=1 clean"/>
					<DistClean command="/usr/bin/make -f &quot;/Users/danmunro/github/csaw/Makefile&quot;  VERBOSE=1 clean"/>
				</MakeCommands>
			</Target>
			<Target title="test_actions">
				<Option output="/Users/danmunro/github/csaw/build/test_actions" prefix_auto="0" extension_auto="0"/>
				<Option working_dir="./build"/>
				<Option object_output="./"/>
				<Option type="1"/>
				<Option compiler="clang"/>
				<Compiler>
					<Add directory="/usr/local/opt/libpq/include"/>
				</Compiler>
				<MakeCommands>
					<Build command="/usr/bin/make -f &quot;/Users/danmunro/github/csaw/Makefile&quot;  VERBOSE=1 test_actions"/>
					<CompileFile command="/usr/bin/make -f &quot;/Users/danmunro/github/csaw/Makefile&quot;  VERBOSE=1 &quot;$file&quot;"/>
					<Clean command="/usr/bin/make -f &quot;/Users/danmunro/github/csaw/Makefile&quot;  VERBOSE=1 clean"/>
					<DistClean command="/usr/bin/make -f &quot;/Users/danmunro/github/csaw/Makefile&quot;  VERBOSE=1 clean"/>
				</MakeCommands>
			</Target>
			<Target title="test_actions/fast">
				<Option output="/Users/danmunro/github/csaw/build/test_actions" prefix_auto="0" extension_auto="0"/>
				<Option working_dir="./build"/>
				<Option object_output="./"/>
				<Option type="1"/>
				<Option compiler="clang"/>
				<Compiler>
					<Add directory="/usr/local/opt/libpq/include"/>
				</Compiler>
				<MakeCommands>
					<Build command="/usr/bin/make -f &quot;/Users/danmunro/github/csaw/Makefile&quot;  VERBOSE=1 test_actions/fast"/>
					<CompileFile command="/usr/bin/make -f &quot;/Users/danmunro/github/csaw/Makefile&quot;  VERBOSE=1 &quot;$file&quot;"/>
					<Clean command="/usr/bin/make -f &quot;/Users/danmunro/github/csaw/Makefile&quot;  VERBOSE=1 clean"/>
					<DistClean command="/usr/bin/make -f &quot;/Users/danmunro/github/csaw/Makefile&quot;  VERBOSE=1 clean"/>
				</MakeCommands>
			</Target>
			<Target title="test">
				<Option working_dir="/Users/danmunro/github/csaw"/>
				<Option type="4"/>
				<MakeCommands>
					<Build command="/usr/bin/make -f &quot;/Users/danmunro/github/csaw/Makefile&quot;  VERBOSE=1 test"/>
					<CompileFile command="/usr/bin/make -f &quot;/Users/danmunro/github/csaw/Makefile&quot;  VERBOSE=1 &quot;$file&quot;"/>
					<Clean command="/usr/bin/make -f &quot;/Users/danmunro/github/csaw/Makefile&quot;  VERBOSE=1 clean"/>
					<DistClean command="/usr/bin/make -f &quot;/Users/danmunro/github/csaw/Makefile&quot;  VERBOSE=1 clean"/>
				</MakeCommands>
			</Target>
			<Target title="test_socket">
				<Option output="/Users/danmunro/github/csaw/build/test_socket" prefix_auto="0" extension_auto="0"/>
				<Option working_dir="./build"/>
				<Option object_output="./"/>
				<Option type="1"/>
				<Option compiler="clang"/>
				<Compiler>
					<Add directory="/usr/local/opt/libpq/include"/>
				</Compiler>
				<MakeCommands>
					<Build command="/usr/bin/make -f &quot;/Users/danmunro/github/csaw/Makefile&quot;  VERBOSE=1 test_socket"/>
					<CompileFile command="/usr/bin/make -f &quot;/Users/danmunro/github/csaw/Makefile&quot;  VERBOSE=1 &quot;$file&quot;"/>
					<Clean command="/usr/bin/make -f &quot;/Users/danmunro/github/csaw/Makefile&quot;  VERBOSE=1 clean"/>
					<DistClean command="/usr/bin/make -f &quot;/Users/danmunro/github/csaw/Makefile&quot;  VERBOSE=1 clean"/>
				</MakeCommands>
			</Target>
			<Target title="test_socket/fast">
				<Option output="/Users/danmunro/github/csaw/build/test_socket" prefix_auto="0" extension_auto="0"/>
				<Option working_dir="./build"/>
				<Option object_output="./"/>
				<Option type="1"/>
				<Option compiler="clang"/>
				<Compiler>
					<Add directory="/usr/local/opt/libpq/include"/>
				</Compiler>
				<MakeCommands>
					<Build command="/usr/bin/make -f &quot;/Users/danmunro/github/csaw/Makefile&quot;  VERBOSE=1 test_socket/fast"/>
					<CompileFile command="/usr/bin/make -f &quot;/Users/danmunro/github/csaw/Makefile&quot;  VERBOSE=1 &quot;$file&quot;"/>
					<Clean command="/usr/bin/make -f &quot;/Users/danmunro/github/csaw/Makefile&quot;  VERBOSE=1 clean"/>
					<DistClean command="/usr/bin/make -f &quot;/Users/danmunro/github/csaw/Makefile&quot;  VERBOSE=1 clean"/>
				</MakeCommands>
			</Target>
			<Target title="test_game_service">
				<Option output="/Users/danmunro/github/csaw/build/test_game_service" prefix_auto="0" extension_auto="0"/>
				<Option working_dir="./build"/>
				<Option object_output="./"/>
				<Option type="1"/>
				<Option compiler="clang"/>
				<Compiler>
					<Add directory="/usr/local/opt/libpq/include"/>
				</Compiler>
				<MakeCommands>
					<Build command="/usr/bin/make -f &quot;/Users/danmunro/github/csaw/Makefile&quot;  VERBOSE=1 test_game_service"/>
					<CompileFile command="/usr/bin/make -f &quot;/Users/danmunro/github/csaw/Makefile&quot;  VERBOSE=1 &quot;$file&quot;"/>
					<Clean command="/usr/bin/make -f &quot;/Users/danmunro/github/csaw/Makefile&quot;  VERBOSE=1 clean"/>
					<DistClean command="/usr/bin/make -f &quot;/Users/danmunro/github/csaw/Makefile&quot;  VERBOSE=1 clean"/>
				</MakeCommands>
			</Target>
			<Target title="test_game_service/fast">
				<Option output="/Users/danmunro/github/csaw/build/test_game_service" prefix_auto="0" extension_auto="0"/>
				<Option working_dir="./build"/>
				<Option object_output="./"/>
				<Option type="1"/>
				<Option compiler="clang"/>
				<Compiler>
					<Add directory="/usr/local/opt/libpq/include"/>
				</Compiler>
				<MakeCommands>
					<Build command="/usr/bin/make -f &quot;/Users/danmunro/github/csaw/Makefile&quot;  VERBOSE=1 test_game_service/fast"/>
					<CompileFile command="/usr/bin/make -f &quot;/Users/danmunro/github/csaw/Makefile&quot;  VERBOSE=1 &quot;$file&quot;"/>
					<Clean command="/usr/bin/make -f &quot;/Users/danmunro/github/csaw/Makefile&quot;  VERBOSE=1 clean"/>
					<DistClean command="/usr/bin/make -f &quot;/Users/danmunro/github/csaw/Makefile&quot;  VERBOSE=1 clean"/>
				</MakeCommands>
			</Target>
			<Target title="edit_cache">
				<Option working_dir="/Users/danmunro/github/csaw"/>
				<Option type="4"/>
				<MakeCommands>
					<Build command="/usr/bin/make -f &quot;/Users/danmunro/github/csaw/Makefile&quot;  VERBOSE=1 edit_cache"/>
					<CompileFile command="/usr/bin/make -f &quot;/Users/danmunro/github/csaw/Makefile&quot;  VERBOSE=1 &quot;$file&quot;"/>
					<Clean command="/usr/bin/make -f &quot;/Users/danmunro/github/csaw/Makefile&quot;  VERBOSE=1 clean"/>
					<DistClean command="/usr/bin/make -f &quot;/Users/danmunro/github/csaw/Makefile&quot;  VERBOSE=1 clean"/>
				</MakeCommands>
			</Target>
			<Target title="test_client">
				<Option output="/Users/danmunro/github/csaw/build/test_client" prefix_auto="0" extension_auto="0"/>
				<Option working_dir="./build"/>
				<Option object_output="./"/>
				<Option type="1"/>
				<Option compiler="clang"/>
				<Compiler>
					<Add directory="/usr/local/opt/libpq/include"/>
				</Compiler>
				<MakeCommands>
					<Build command="/usr/bin/make -f &quot;/Users/danmunro/github/csaw/Makefile&quot;  VERBOSE=1 test_client"/>
					<CompileFile command="/usr/bin/make -f &quot;/Users/danmunro/github/csaw/Makefile&quot;  VERBOSE=1 &quot;$file&quot;"/>
					<Clean command="/usr/bin/make -f &quot;/Users/danmunro/github/csaw/Makefile&quot;  VERBOSE=1 clean"/>
					<DistClean command="/usr/bin/make -f &quot;/Users/danmunro/github/csaw/Makefile&quot;  VERBOSE=1 clean"/>
				</MakeCommands>
			</Target>
			<Target title="test_client/fast">
				<Option output="/Users/danmunro/github/csaw/build/test_client" prefix_auto="0" extension_auto="0"/>
				<Option working_dir="./build"/>
				<Option object_output="./"/>
				<Option type="1"/>
				<Option compiler="clang"/>
				<Compiler>
					<Add directory="/usr/local/opt/libpq/include"/>
				</Compiler>
				<MakeCommands>
					<Build command="/usr/bin/make -f &quot;/Users/danmunro/github/csaw/Makefile&quot;  VERBOSE=1 test_client/fast"/>
					<CompileFile command="/usr/bin/make -f &quot;/Users/danmunro/github/csaw/Makefile&quot;  VERBOSE=1 &quot;$file&quot;"/>
					<Clean command="/usr/bin/make -f &quot;/Users/danmunro/github/csaw/Makefile&quot;  VERBOSE=1 clean"/>
					<DistClean command="/usr/bin/make -f &quot;/Users/danmunro/github/csaw/Makefile&quot;  VERBOSE=1 clean"/>
				</MakeCommands>
			</Target>
			<Target title="csaw">
				<Option output="/Users/danmunro/github/csaw/build/csaw" prefix_auto="0" extension_auto="0"/>
				<Option working_dir="./build"/>
				<Option object_output="./"/>
				<Option type="1"/>
				<Option compiler="clang"/>
				<Compiler>
					<Add directory="/usr/local/opt/libpq/include"/>
				</Compiler>
				<MakeCommands>
					<Build command="/usr/bin/make -f &quot;/Users/danmunro/github/csaw/Makefile&quot;  VERBOSE=1 csaw"/>
					<CompileFile command="/usr/bin/make -f &quot;/Users/danmunro/github/csaw/Makefile&quot;  VERBOSE=1 &quot;$file&quot;"/>
					<Clean command="/usr/bin/make -f &quot;/Users/danmunro/github/csaw/Makefile&quot;  VERBOSE=1 clean"/>
					<DistClean command="/usr/bin/make -f &quot;/Users/danmunro/github/csaw/Makefile&quot;  VERBOSE=1 clean"/>
				</MakeCommands>
			</Target>
			<Target title="csaw/fast">
				<Option output="/Users/danmunro/github/csaw/build/csaw" prefix_auto="0" extension_auto="0"/>
				<Option working_dir="./build"/>
				<Option object_output="./"/>
				<Option type="1"/>
				<Option compiler="clang"/>
				<Compiler>
					<Add directory="/usr/local/opt/libpq/include"/>
				</Compiler>
				<MakeCommands>
					<Build command="/usr/bin/make -f &quot;/Users/danmunro/github/csaw/Makefile&quot;  VERBOSE=1 csaw/fast"/>
					<CompileFile command="/usr/bin/make -f &quot;/Users/danmunro/github/csaw/Makefile&quot;  VERBOSE=1 &quot;$file&quot;"/>
					<Clean command="/usr/bin/make -f &quot;/Users/danmunro/github/csaw/Makefile&quot;  VERBOSE=1 clean"/>
					<DistClean command="/usr/bin/make -f &quot;/Users/danmunro/github/csaw/Makefile&quot;  VERBOSE=1 clean"/>
				</MakeCommands>
			</Target>
		</Build>
		<Unit filename="/Users/danmunro/github/csaw/src/main.c">
			<Option target="csaw"/>
		</Unit>
		<Unit filename="/Users/danmunro/github/csaw/tests/test_actions_main.c">
			<Option target="test_actions"/>
		</Unit>
		<Unit filename="/Users/danmunro/github/csaw/tests/test_client_main.c">
			<Option target="test_client"/>
		</Unit>
		<Unit filename="/Users/danmunro/github/csaw/tests/test_game_service_main.c">
			<Option target="test_game_service"/>
		</Unit>
		<Unit filename="/Users/danmunro/github/csaw/tests/test_room_main.c">
			<Option target="test_room"/>
		</Unit>
		<Unit filename="/Users/danmunro/github/csaw/tests/test_socket_main.c">
			<Option target="test_socket"/>
		</Unit>
		<Unit filename="/Users/danmunro/github/csaw/CMakeLists.txt">
			<Option virtualFolder="CMake Files\"/>
		</Unit>
	</Project>
</CodeBlocks_project_file>
